
Microsoft Visual Studio Solution File, Format Version 12.00
# Visual Studio 14
VisualStudioVersion = 14.0.24720.0
MinimumVisualStudioVersion = 10.0.40219.1
Project("{FAE04EC0-301F-11D3-BF4B-00C04F79EFBC}") = "HelloWorld2017", "HelloWorld2017\HelloWorld2017.csproj", "{0C3B4590-DB5D-4E43-8D74-4630A676BE03}"
EndProject
Project("{FAE04EC0-301F-11D3-BF4B-00C04F79EFBC}") = "Variable", "Variable\Variable.csproj", "{C50DB918-6DD8-4136-8503-4B1EC08429BD}"
EndProject
Project("{FAE04EC0-301F-11D3-BF4B-00C04F79EFBC}") = "Role", "Role\Role.csproj", "{88899172-5770-4C49-A446-4C6A8A31A238}"
EndProject
Project("{FAE04EC0-301F-11D3-BF4B-00C04F79EFBC}") = "Enemy", "Enemy\Enemy.csproj", "{C39ECE2F-6BA3-4243-87BC-C7DBDA29DE40}"
EndProject
Project("{FAE04EC0-301F-11D3-BF4B-00C04F79EFBC}") = "Swap", "Swap\Swap.csproj", "{18CB7F53-45AC-4A30-9B98-B4109B2D39ED}"
EndProject
Project("{FAE04EC0-301F-11D3-BF4B-00C04F79EFBC}") = "Product", "Product\Product.csproj", "{F5CB6F4B-C19A-4A6D-9705-050C19628EA7}"
EndProject
Project("{FAE04EC0-301F-11D3-BF4B-00C04F79EFBC}") = "Contrary", "Contrary\Contrary.csproj", "{14E2EBB9-3CE3-4B40-8E4C-BE780E966282}"
EndProject
Project("{FAE04EC0-301F-11D3-BF4B-00C04F79EFBC}") = "Echelon", "Echelon\Echelon.csproj", "{7CE02615-5287-4C64-BFA2-5277EE22F89B}"
EndProject
Project("{FAE04EC0-301F-11D3-BF4B-00C04F79EFBC}") = "Circle", "Circle\Circle.csproj", "{C7740974-927D-466D-8E63-102A8007ED6C}"
EndProject
Project("{FAE04EC0-301F-11D3-BF4B-00C04F79EFBC}") = "Enum", "Enum\Enum.csproj", "{4B6B3C85-1FFD-4B15-9B4C-3F77FE4A8AAA}"
EndProject
Project("{FAE04EC0-301F-11D3-BF4B-00C04F79EFBC}") = "Struct", "Struct\Struct.csproj", "{E5AA0252-6FD1-4C65-823E-7BD5A78B4FC6}"
EndProject
Project("{FAE04EC0-301F-11D3-BF4B-00C04F79EFBC}") = "Array", "Array\Array.csproj", "{B83A626D-FAFE-44A2-A98A-6F44216641CE}"
EndProject
Project("{FAE04EC0-301F-11D3-BF4B-00C04F79EFBC}") = "String", "String\String.csproj", "{DDE8CED9-923F-4494-A124-9051DEDE6CE2}"
EndProject
Project("{FAE04EC0-301F-11D3-BF4B-00C04F79EFBC}") = "WaterFlower", "WaterFlower\WaterFlower.csproj", "{9E48C86D-DA16-48B7-9787-BFFA104F451E}"
EndProject
Project("{FAE04EC0-301F-11D3-BF4B-00C04F79EFBC}") = "Cola", "Cola\Cola.csproj", "{0A20DE61-5E76-4E02-85A0-3BE9150F917E}"
EndProject
Project("{FAE04EC0-301F-11D3-BF4B-00C04F79EFBC}") = "Guess", "Guess\Guess.csproj", "{5F2CD3F2-9B04-4445-BA36-F43D55BCD41C}"
EndProject
Project("{FAE04EC0-301F-11D3-BF4B-00C04F79EFBC}") = "Encryption", "Encryption\Encryption.csproj", "{51D6C87A-81F5-495F-9489-44F8A00A5643}"
EndProject
Project("{FAE04EC0-301F-11D3-BF4B-00C04F79EFBC}") = "StringSplit", "StringSplit\StringSplit.csproj", "{1A32835A-EC19-478C-9CA0-868292C11938}"
EndProject
Project("{FAE04EC0-301F-11D3-BF4B-00C04F79EFBC}") = "ParamsArray", "ParamsArray\ParamsArray.csproj", "{1B0B407B-97C5-461D-95C6-4B6F194EB8F9}"
EndProject
Project("{FAE04EC0-301F-11D3-BF4B-00C04F79EFBC}") = "strructFunction", "strructFunction\strructFunction.csproj", "{338663ED-FA81-41B8-BFEE-2277187BA149}"
EndProject
Project("{FAE04EC0-301F-11D3-BF4B-00C04F79EFBC}") = "Delegate", "Delegate\Delegate.csproj", "{8365A7C8-30FF-4CA2-85FB-758A0889FFA9}"
EndProject
Project("{FAE04EC0-301F-11D3-BF4B-00C04F79EFBC}") = "recursion", "recursion\recursion.csproj", "{BCDB663D-9AA1-4348-900B-F08272A30860}"
EndProject
Project("{FAE04EC0-301F-11D3-BF4B-00C04F79EFBC}") = "Decomposition Factor", "Decomposition Factor\Decomposition Factor.csproj", "{1F778AEB-B457-4DDB-AA10-C10405E4A969}"
EndProject
Project("{FAE04EC0-301F-11D3-BF4B-00C04F79EFBC}") = "Factorial", "Factorial\Factorial.csproj", "{77137A51-E190-4799-9C93-7241CC76E3BC}"
EndProject
Project("{FAE04EC0-301F-11D3-BF4B-00C04F79EFBC}") = "StructPersonal", "StructPersonal\StructPersonal.csproj", "{E48AA406-6C4A-44DB-A3FC-4A4B4ED69EFD}"
EndProject
Project("{FAE04EC0-301F-11D3-BF4B-00C04F79EFBC}") = "reboundBall", "reboundBall\reboundBall.csproj", "{CD51954D-C210-4601-A4C4-EF6A9BD75233}"
EndProject
Project("{FAE04EC0-301F-11D3-BF4B-00C04F79EFBC}") = "Chicken", "Chicken\Chicken.csproj", "{DF95F611-230B-4E43-A5A2-712A7CA46250}"
EndProject
Project("{FAE04EC0-301F-11D3-BF4B-00C04F79EFBC}") = "Exception01", "Exception01\Exception01.csproj", "{10B1BCCE-B2DB-45D9-820A-264264A07F9F}"
EndProject
Project("{FAE04EC0-301F-11D3-BF4B-00C04F79EFBC}") = "StringName", "StringName\StringName.csproj", "{32F1DFA9-9F74-41CA-B325-EDE150EE0B21}"
EndProject
Project("{FAE04EC0-301F-11D3-BF4B-00C04F79EFBC}") = "Virtual", "Virtual\Virtual.csproj", "{22F91B1A-427E-4777-B8A3-4D8B99A74413}"
EndProject
Project("{FAE04EC0-301F-11D3-BF4B-00C04F79EFBC}") = "Seal", "Seal\Seal.csproj", "{715FB020-3D63-4D5A-A894-E98A08E0AF5F}"
EndProject
Project("{FAE04EC0-301F-11D3-BF4B-00C04F79EFBC}") = "Constructor", "Constructor\Constructor.csproj", "{F3B4A3C8-0FA9-41B2-A922-A6FDF191F6C7}"
EndProject
Project("{FAE04EC0-301F-11D3-BF4B-00C04F79EFBC}") = "Interface", "Interface\Interface.csproj", "{149C76AD-135C-4B7C-95F9-36C4A8C824E6}"
EndProject
Project("{FAE04EC0-301F-11D3-BF4B-00C04F79EFBC}") = "Abstract", "Abstract\Abstract.csproj", "{FAA6132B-C8C6-4A03-884B-EA8FF43FA538}"
EndProject
Project("{FAE04EC0-301F-11D3-BF4B-00C04F79EFBC}") = "List", "List\List.csproj", "{BEE8E311-4363-420C-98BD-29251AEF2D40}"
EndProject
Project("{FAE04EC0-301F-11D3-BF4B-00C04F79EFBC}") = "Paradigm", "Paradigm\Paradigm.csproj", "{CCF18ED6-2174-4BFE-843A-8439E6F6C914}"
EndProject
Project("{FAE04EC0-301F-11D3-BF4B-00C04F79EFBC}") = "MyList", "MyList\MyList.csproj", "{C31049B7-38E6-44BE-BDD7-F4E71742DB97}"
EndProject
Project("{FAE04EC0-301F-11D3-BF4B-00C04F79EFBC}") = "String01", "String01\String01.csproj", "{E4F2A4C1-AB63-4397-851F-E8418A5D417C}"
EndProject
Project("{FAE04EC0-301F-11D3-BF4B-00C04F79EFBC}") = "String02", "String02\String02.csproj", "{A4C75C1C-FD9F-482E-B9EA-931C3CEA139E}"
EndProject
Project("{FAE04EC0-301F-11D3-BF4B-00C04F79EFBC}") = "NormalExpresion", "NormalExpresion\NormalExpresion.csproj", "{C3729B81-E0E7-4C60-956A-2FCA542F4387}"
EndProject
Project("{FAE04EC0-301F-11D3-BF4B-00C04F79EFBC}") = "Delegate02", "Delegate02\Delegate02.csproj", "{498F8EE0-3CB0-4771-9586-A7D68B58D773}"
EndProject
Project("{FAE04EC0-301F-11D3-BF4B-00C04F79EFBC}") = "ActionDelegate", "ActionDelegate\ActionDelegate.csproj", "{8D4D14CA-DE88-49D5-AC21-43463D8804B9}"
EndProject
Project("{FAE04EC0-301F-11D3-BF4B-00C04F79EFBC}") = "FuncDelegate", "FuncDelegate\FuncDelegate.csproj", "{5491435D-9E31-40F7-A354-7986BCDD87B5}"
EndProject
Project("{FAE04EC0-301F-11D3-BF4B-00C04F79EFBC}") = "sortInt", "sortInt\sortInt.csproj", "{72C2E61B-257C-44FF-B5E0-44B82028BEB9}"
EndProject
Project("{FAE04EC0-301F-11D3-BF4B-00C04F79EFBC}") = "Delegate01", "Delegate01\Delegate01.csproj", "{7ABDFD0B-0EE6-427E-B62B-FFA4C63FC387}"
EndProject
Project("{FAE04EC0-301F-11D3-BF4B-00C04F79EFBC}") = "Event", "Event\Event.csproj", "{CEF08192-EE67-40E9-9B9A-C4AB188FC75C}"
EndProject
Project("{FAE04EC0-301F-11D3-BF4B-00C04F79EFBC}") = "Cat", "Cat\Cat.csproj", "{6194F398-241D-404E-A7F8-EA11C4CC5DE2}"
EndProject
Project("{FAE04EC0-301F-11D3-BF4B-00C04F79EFBC}") = "LINQ", "LINQ\LINQ.csproj", "{335F029B-E5CE-4A23-B4F0-1AD05F3F11E8}"
EndProject
Project("{FAE04EC0-301F-11D3-BF4B-00C04F79EFBC}") = "Type", "Type\Type.csproj", "{7B690042-248E-4B0D-91C8-E6D024707613}"
EndProject
Project("{FAE04EC0-301F-11D3-BF4B-00C04F79EFBC}") = "Obsolete", "Obsolete\Obsolete.csproj", "{0FA5FCF8-3B9B-438A-9D6E-BEFDEE38091D}"
EndProject
Project("{FAE04EC0-301F-11D3-BF4B-00C04F79EFBC}") = "Thread", "Thread\Thread.csproj", "{2DAB8116-AE99-4E1F-8D6E-A238C89C2A62}"
EndProject
Project("{FAE04EC0-301F-11D3-BF4B-00C04F79EFBC}") = "Thread01", "Thread01\Thread01.csproj", "{7C01ED4C-FA68-4127-8570-11E597FE0E7D}"
EndProject
Project("{FAE04EC0-301F-11D3-BF4B-00C04F79EFBC}") = "Thread04", "Thread04\Thread04.csproj", "{A872B487-F155-44C9-9157-DEEA19818424}"
EndProject
Project("{FAE04EC0-301F-11D3-BF4B-00C04F79EFBC}") = "Thread05", "Thread05\Thread05.csproj", "{B58BD719-063D-4CB0-9267-6D3393762A72}"
EndProject
Project("{FAE04EC0-301F-11D3-BF4B-00C04F79EFBC}") = "001_socket_TCP_server", "001_socket_TCP_server\001_socket_TCP_server.csproj", "{0A2A6B42-8E31-41A6-81E6-B25317FDFBBA}"
EndProject
Project("{FAE04EC0-301F-11D3-BF4B-00C04F79EFBC}") = "chatRom", "chatRom\chatRom.csproj", "{65E2D7AE-B480-4D8D-B78F-E32013115DB4}"
EndProject
Project("{FAE04EC0-301F-11D3-BF4B-00C04F79EFBC}") = "UDP_socket", "UDP_socket\UDP_socket.csproj", "{E472B261-5EBB-4AF1-9A61-66B3D9B62017}"
EndProject
Project("{FAE04EC0-301F-11D3-BF4B-00C04F79EFBC}") = "udp_client", "udp_client\udp_client.csproj", "{78D0F23F-2D9B-4733-B6FE-E96D30AF3A33}"
EndProject
Project("{FAE04EC0-301F-11D3-BF4B-00C04F79EFBC}") = "udpClient", "udpClient\udpClient.csproj", "{395EBEBB-7B3E-45BB-A9BD-B9FB45698182}"
EndProject
Project("{FAE04EC0-301F-11D3-BF4B-00C04F79EFBC}") = "File", "File\File.csproj", "{8A6DC173-15EF-4967-80AC-14D38D070F5C}"
EndProject
Project("{FAE04EC0-301F-11D3-BF4B-00C04F79EFBC}") = "007-ReadFile", "007-ReadFile\007-ReadFile.csproj", "{D4B2FFC8-5E11-4CBC-A96B-686A898CABBB}"
EndProject
Project("{FAE04EC0-301F-11D3-BF4B-00C04F79EFBC}") = "FileStream", "FileStream\FileStream.csproj", "{5494F445-12DE-4379-9061-4933A18379CF}"
EndProject
Project("{FAE04EC0-301F-11D3-BF4B-00C04F79EFBC}") = "StreamReader", "StreamReader\StreamReader.csproj", "{69DEA765-E64E-4C69-83EA-E155F0FCA893}"
EndProject
Project("{FAE04EC0-301F-11D3-BF4B-00C04F79EFBC}") = "xml_operation01", "xml_operation01\xml_operation01.csproj", "{3772D4AC-8D45-4EFD-8B64-32E29D219A3B}"
EndProject
Project("{FAE04EC0-301F-11D3-BF4B-00C04F79EFBC}") = "JsonOperation", "JsonOperation\JsonOperation.csproj", "{A1E1CB40-3304-4EFF-A3CB-BDF4759542BC}"
EndProject
Project("{FAE04EC0-301F-11D3-BF4B-00C04F79EFBC}") = "ExcelOperation", "ExcelOperation\ExcelOperation.csproj", "{32805D2D-CBB0-4D0C-B606-6E316B0BF27D}"
EndProject
Project("{FAE04EC0-301F-11D3-BF4B-00C04F79EFBC}") = "List_CLR", "List_CLR\List_CLR.csproj", "{C8523DB6-FE98-4132-A7DE-66C4D8DB772F}"
EndProject
Project("{FAE04EC0-301F-11D3-BF4B-00C04F79EFBC}") = "SeqOperation", "SeqOperation\SeqOperation.csproj", "{9D4FD03B-9DBD-4F1B-A95D-2C1DFB3380FC}"
EndProject
Project("{FAE04EC0-301F-11D3-BF4B-00C04F79EFBC}") = "LinearList", "LinearList\LinearList.csproj", "{7D0ECC0E-3DF7-4823-B13D-5DF7126FD281}"
EndProject
Global
	GlobalSection(SolutionConfigurationPlatforms) = preSolution
		Debug|Any CPU = Debug|Any CPU
		Release|Any CPU = Release|Any CPU
	EndGlobalSection
	GlobalSection(ProjectConfigurationPlatforms) = postSolution
		{0C3B4590-DB5D-4E43-8D74-4630A676BE03}.Debug|Any CPU.ActiveCfg = Debug|Any CPU
		{0C3B4590-DB5D-4E43-8D74-4630A676BE03}.Debug|Any CPU.Build.0 = Debug|Any CPU
		{0C3B4590-DB5D-4E43-8D74-4630A676BE03}.Release|Any CPU.ActiveCfg = Release|Any CPU
		{0C3B4590-DB5D-4E43-8D74-4630A676BE03}.Release|Any CPU.Build.0 = Release|Any CPU
		{C50DB918-6DD8-4136-8503-4B1EC08429BD}.Debug|Any CPU.ActiveCfg = Debug|Any CPU
		{C50DB918-6DD8-4136-8503-4B1EC08429BD}.Debug|Any CPU.Build.0 = Debug|Any CPU
		{C50DB918-6DD8-4136-8503-4B1EC08429BD}.Release|Any CPU.ActiveCfg = Release|Any CPU
		{C50DB918-6DD8-4136-8503-4B1EC08429BD}.Release|Any CPU.Build.0 = Release|Any CPU
		{88899172-5770-4C49-A446-4C6A8A31A238}.Debug|Any CPU.ActiveCfg = Debug|Any CPU
		{88899172-5770-4C49-A446-4C6A8A31A238}.Debug|Any CPU.Build.0 = Debug|Any CPU
		{88899172-5770-4C49-A446-4C6A8A31A238}.Release|Any CPU.ActiveCfg = Release|Any CPU
		{88899172-5770-4C49-A446-4C6A8A31A238}.Release|Any CPU.Build.0 = Release|Any CPU
		{C39ECE2F-6BA3-4243-87BC-C7DBDA29DE40}.Debug|Any CPU.ActiveCfg = Debug|Any CPU
		{C39ECE2F-6BA3-4243-87BC-C7DBDA29DE40}.Debug|Any CPU.Build.0 = Debug|Any CPU
		{C39ECE2F-6BA3-4243-87BC-C7DBDA29DE40}.Release|Any CPU.ActiveCfg = Release|Any CPU
		{C39ECE2F-6BA3-4243-87BC-C7DBDA29DE40}.Release|Any CPU.Build.0 = Release|Any CPU
		{18CB7F53-45AC-4A30-9B98-B4109B2D39ED}.Debug|Any CPU.ActiveCfg = Debug|Any CPU
		{18CB7F53-45AC-4A30-9B98-B4109B2D39ED}.Debug|Any CPU.Build.0 = Debug|Any CPU
		{18CB7F53-45AC-4A30-9B98-B4109B2D39ED}.Release|Any CPU.ActiveCfg = Release|Any CPU
		{18CB7F53-45AC-4A30-9B98-B4109B2D39ED}.Release|Any CPU.Build.0 = Release|Any CPU
		{F5CB6F4B-C19A-4A6D-9705-050C19628EA7}.Debug|Any CPU.ActiveCfg = Debug|Any CPU
		{F5CB6F4B-C19A-4A6D-9705-050C19628EA7}.Debug|Any CPU.Build.0 = Debug|Any CPU
		{F5CB6F4B-C19A-4A6D-9705-050C19628EA7}.Release|Any CPU.ActiveCfg = Release|Any CPU
		{F5CB6F4B-C19A-4A6D-9705-050C19628EA7}.Release|Any CPU.Build.0 = Release|Any CPU
		{14E2EBB9-3CE3-4B40-8E4C-BE780E966282}.Debug|Any CPU.ActiveCfg = Debug|Any CPU
		{14E2EBB9-3CE3-4B40-8E4C-BE780E966282}.Debug|Any CPU.Build.0 = Debug|Any CPU
		{14E2EBB9-3CE3-4B40-8E4C-BE780E966282}.Release|Any CPU.ActiveCfg = Release|Any CPU
		{14E2EBB9-3CE3-4B40-8E4C-BE780E966282}.Release|Any CPU.Build.0 = Release|Any CPU
		{7CE02615-5287-4C64-BFA2-5277EE22F89B}.Debug|Any CPU.ActiveCfg = Debug|Any CPU
		{7CE02615-5287-4C64-BFA2-5277EE22F89B}.Debug|Any CPU.Build.0 = Debug|Any CPU
		{7CE02615-5287-4C64-BFA2-5277EE22F89B}.Release|Any CPU.ActiveCfg = Release|Any CPU
		{7CE02615-5287-4C64-BFA2-5277EE22F89B}.Release|Any CPU.Build.0 = Release|Any CPU
		{C7740974-927D-466D-8E63-102A8007ED6C}.Debug|Any CPU.ActiveCfg = Debug|Any CPU
		{C7740974-927D-466D-8E63-102A8007ED6C}.Debug|Any CPU.Build.0 = Debug|Any CPU
		{C7740974-927D-466D-8E63-102A8007ED6C}.Release|Any CPU.ActiveCfg = Release|Any CPU
		{C7740974-927D-466D-8E63-102A8007ED6C}.Release|Any CPU.Build.0 = Release|Any CPU
		{4B6B3C85-1FFD-4B15-9B4C-3F77FE4A8AAA}.Debug|Any CPU.ActiveCfg = Debug|Any CPU
		{4B6B3C85-1FFD-4B15-9B4C-3F77FE4A8AAA}.Debug|Any CPU.Build.0 = Debug|Any CPU
		{4B6B3C85-1FFD-4B15-9B4C-3F77FE4A8AAA}.Release|Any CPU.ActiveCfg = Release|Any CPU
		{4B6B3C85-1FFD-4B15-9B4C-3F77FE4A8AAA}.Release|Any CPU.Build.0 = Release|Any CPU
		{E5AA0252-6FD1-4C65-823E-7BD5A78B4FC6}.Debug|Any CPU.ActiveCfg = Debug|Any CPU
		{E5AA0252-6FD1-4C65-823E-7BD5A78B4FC6}.Debug|Any CPU.Build.0 = Debug|Any CPU
		{E5AA0252-6FD1-4C65-823E-7BD5A78B4FC6}.Release|Any CPU.ActiveCfg = Release|Any CPU
		{E5AA0252-6FD1-4C65-823E-7BD5A78B4FC6}.Release|Any CPU.Build.0 = Release|Any CPU
		{B83A626D-FAFE-44A2-A98A-6F44216641CE}.Debug|Any CPU.ActiveCfg = Debug|Any CPU
		{B83A626D-FAFE-44A2-A98A-6F44216641CE}.Debug|Any CPU.Build.0 = Debug|Any CPU
		{B83A626D-FAFE-44A2-A98A-6F44216641CE}.Release|Any CPU.ActiveCfg = Release|Any CPU
		{B83A626D-FAFE-44A2-A98A-6F44216641CE}.Release|Any CPU.Build.0 = Release|Any CPU
		{DDE8CED9-923F-4494-A124-9051DEDE6CE2}.Debug|Any CPU.ActiveCfg = Debug|Any CPU
		{DDE8CED9-923F-4494-A124-9051DEDE6CE2}.Debug|Any CPU.Build.0 = Debug|Any CPU
		{DDE8CED9-923F-4494-A124-9051DEDE6CE2}.Release|Any CPU.ActiveCfg = Release|Any CPU
		{DDE8CED9-923F-4494-A124-9051DEDE6CE2}.Release|Any CPU.Build.0 = Release|Any CPU
		{9E48C86D-DA16-48B7-9787-BFFA104F451E}.Debug|Any CPU.ActiveCfg = Debug|Any CPU
		{9E48C86D-DA16-48B7-9787-BFFA104F451E}.Debug|Any CPU.Build.0 = Debug|Any CPU
		{9E48C86D-DA16-48B7-9787-BFFA104F451E}.Release|Any CPU.ActiveCfg = Release|Any CPU
		{9E48C86D-DA16-48B7-9787-BFFA104F451E}.Release|Any CPU.Build.0 = Release|Any CPU
		{0A20DE61-5E76-4E02-85A0-3BE9150F917E}.Debug|Any CPU.ActiveCfg = Debug|Any CPU
		{0A20DE61-5E76-4E02-85A0-3BE9150F917E}.Debug|Any CPU.Build.0 = Debug|Any CPU
		{0A20DE61-5E76-4E02-85A0-3BE9150F917E}.Release|Any CPU.ActiveCfg = Release|Any CPU
		{0A20DE61-5E76-4E02-85A0-3BE9150F917E}.Release|Any CPU.Build.0 = Release|Any CPU
		{5F2CD3F2-9B04-4445-BA36-F43D55BCD41C}.Debug|Any CPU.ActiveCfg = Debug|Any CPU
		{5F2CD3F2-9B04-4445-BA36-F43D55BCD41C}.Debug|Any CPU.Build.0 = Debug|Any CPU
		{5F2CD3F2-9B04-4445-BA36-F43D55BCD41C}.Release|Any CPU.ActiveCfg = Release|Any CPU
		{5F2CD3F2-9B04-4445-BA36-F43D55BCD41C}.Release|Any CPU.Build.0 = Release|Any CPU
		{51D6C87A-81F5-495F-9489-44F8A00A5643}.Debug|Any CPU.ActiveCfg = Debug|Any CPU
		{51D6C87A-81F5-495F-9489-44F8A00A5643}.Debug|Any CPU.Build.0 = Debug|Any CPU
		{51D6C87A-81F5-495F-9489-44F8A00A5643}.Release|Any CPU.ActiveCfg = Release|Any CPU
		{51D6C87A-81F5-495F-9489-44F8A00A5643}.Release|Any CPU.Build.0 = Release|Any CPU
		{1A32835A-EC19-478C-9CA0-868292C11938}.Debug|Any CPU.ActiveCfg = Debug|Any CPU
		{1A32835A-EC19-478C-9CA0-868292C11938}.Debug|Any CPU.Build.0 = Debug|Any CPU
		{1A32835A-EC19-478C-9CA0-868292C11938}.Release|Any CPU.ActiveCfg = Release|Any CPU
		{1A32835A-EC19-478C-9CA0-868292C11938}.Release|Any CPU.Build.0 = Release|Any CPU
		{1B0B407B-97C5-461D-95C6-4B6F194EB8F9}.Debug|Any CPU.ActiveCfg = Debug|Any CPU
		{1B0B407B-97C5-461D-95C6-4B6F194EB8F9}.Debug|Any CPU.Build.0 = Debug|Any CPU
		{1B0B407B-97C5-461D-95C6-4B6F194EB8F9}.Release|Any CPU.ActiveCfg = Release|Any CPU
		{1B0B407B-97C5-461D-95C6-4B6F194EB8F9}.Release|Any CPU.Build.0 = Release|Any CPU
		{338663ED-FA81-41B8-BFEE-2277187BA149}.Debug|Any CPU.ActiveCfg = Debug|Any CPU
		{338663ED-FA81-41B8-BFEE-2277187BA149}.Debug|Any CPU.Build.0 = Debug|Any CPU
		{338663ED-FA81-41B8-BFEE-2277187BA149}.Release|Any CPU.ActiveCfg = Release|Any CPU
		{338663ED-FA81-41B8-BFEE-2277187BA149}.Release|Any CPU.Build.0 = Release|Any CPU
		{8365A7C8-30FF-4CA2-85FB-758A0889FFA9}.Debug|Any CPU.ActiveCfg = Debug|Any CPU
		{8365A7C8-30FF-4CA2-85FB-758A0889FFA9}.Debug|Any CPU.Build.0 = Debug|Any CPU
		{8365A7C8-30FF-4CA2-85FB-758A0889FFA9}.Release|Any CPU.ActiveCfg = Release|Any CPU
		{8365A7C8-30FF-4CA2-85FB-758A0889FFA9}.Release|Any CPU.Build.0 = Release|Any CPU
		{BCDB663D-9AA1-4348-900B-F08272A30860}.Debug|Any CPU.ActiveCfg = Debug|Any CPU
		{BCDB663D-9AA1-4348-900B-F08272A30860}.Debug|Any CPU.Build.0 = Debug|Any CPU
		{BCDB663D-9AA1-4348-900B-F08272A30860}.Release|Any CPU.ActiveCfg = Release|Any CPU
		{BCDB663D-9AA1-4348-900B-F08272A30860}.Release|Any CPU.Build.0 = Release|Any CPU
		{1F778AEB-B457-4DDB-AA10-C10405E4A969}.Debug|Any CPU.ActiveCfg = Debug|Any CPU
		{1F778AEB-B457-4DDB-AA10-C10405E4A969}.Debug|Any CPU.Build.0 = Debug|Any CPU
		{1F778AEB-B457-4DDB-AA10-C10405E4A969}.Release|Any CPU.ActiveCfg = Release|Any CPU
		{1F778AEB-B457-4DDB-AA10-C10405E4A969}.Release|Any CPU.Build.0 = Release|Any CPU
		{77137A51-E190-4799-9C93-7241CC76E3BC}.Debug|Any CPU.ActiveCfg = Debug|Any CPU
		{77137A51-E190-4799-9C93-7241CC76E3BC}.Debug|Any CPU.Build.0 = Debug|Any CPU
		{77137A51-E190-4799-9C93-7241CC76E3BC}.Release|Any CPU.ActiveCfg = Release|Any CPU
		{77137A51-E190-4799-9C93-7241CC76E3BC}.Release|Any CPU.Build.0 = Release|Any CPU
		{E48AA406-6C4A-44DB-A3FC-4A4B4ED69EFD}.Debug|Any CPU.ActiveCfg = Debug|Any CPU
		{E48AA406-6C4A-44DB-A3FC-4A4B4ED69EFD}.Debug|Any CPU.Build.0 = Debug|Any CPU
		{E48AA406-6C4A-44DB-A3FC-4A4B4ED69EFD}.Release|Any CPU.ActiveCfg = Release|Any CPU
		{E48AA406-6C4A-44DB-A3FC-4A4B4ED69EFD}.Release|Any CPU.Build.0 = Release|Any CPU
		{CD51954D-C210-4601-A4C4-EF6A9BD75233}.Debug|Any CPU.ActiveCfg = Debug|Any CPU
		{CD51954D-C210-4601-A4C4-EF6A9BD75233}.Debug|Any CPU.Build.0 = Debug|Any CPU
		{CD51954D-C210-4601-A4C4-EF6A9BD75233}.Release|Any CPU.ActiveCfg = Release|Any CPU
		{CD51954D-C210-4601-A4C4-EF6A9BD75233}.Release|Any CPU.Build.0 = Release|Any CPU
		{DF95F611-230B-4E43-A5A2-712A7CA46250}.Debug|Any CPU.ActiveCfg = Debug|Any CPU
		{DF95F611-230B-4E43-A5A2-712A7CA46250}.Debug|Any CPU.Build.0 = Debug|Any CPU
		{DF95F611-230B-4E43-A5A2-712A7CA46250}.Release|Any CPU.ActiveCfg = Release|Any CPU
		{DF95F611-230B-4E43-A5A2-712A7CA46250}.Release|Any CPU.Build.0 = Release|Any CPU
		{10B1BCCE-B2DB-45D9-820A-264264A07F9F}.Debug|Any CPU.ActiveCfg = Debug|Any CPU
		{10B1BCCE-B2DB-45D9-820A-264264A07F9F}.Debug|Any CPU.Build.0 = Debug|Any CPU
		{10B1BCCE-B2DB-45D9-820A-264264A07F9F}.Release|Any CPU.ActiveCfg = Release|Any CPU
		{10B1BCCE-B2DB-45D9-820A-264264A07F9F}.Release|Any CPU.Build.0 = Release|Any CPU
		{32F1DFA9-9F74-41CA-B325-EDE150EE0B21}.Debug|Any CPU.ActiveCfg = Debug|Any CPU
		{32F1DFA9-9F74-41CA-B325-EDE150EE0B21}.Debug|Any CPU.Build.0 = Debug|Any CPU
		{32F1DFA9-9F74-41CA-B325-EDE150EE0B21}.Release|Any CPU.ActiveCfg = Release|Any CPU
		{32F1DFA9-9F74-41CA-B325-EDE150EE0B21}.Release|Any CPU.Build.0 = Release|Any CPU
		{22F91B1A-427E-4777-B8A3-4D8B99A74413}.Debug|Any CPU.ActiveCfg = Debug|Any CPU
		{22F91B1A-427E-4777-B8A3-4D8B99A74413}.Debug|Any CPU.Build.0 = Debug|Any CPU
		{22F91B1A-427E-4777-B8A3-4D8B99A74413}.Release|Any CPU.ActiveCfg = Release|Any CPU
		{22F91B1A-427E-4777-B8A3-4D8B99A74413}.Release|Any CPU.Build.0 = Release|Any CPU
		{715FB020-3D63-4D5A-A894-E98A08E0AF5F}.Debug|Any CPU.ActiveCfg = Debug|Any CPU
		{715FB020-3D63-4D5A-A894-E98A08E0AF5F}.Debug|Any CPU.Build.0 = Debug|Any CPU
		{715FB020-3D63-4D5A-A894-E98A08E0AF5F}.Release|Any CPU.ActiveCfg = Release|Any CPU
		{715FB020-3D63-4D5A-A894-E98A08E0AF5F}.Release|Any CPU.Build.0 = Release|Any CPU
		{F3B4A3C8-0FA9-41B2-A922-A6FDF191F6C7}.Debug|Any CPU.ActiveCfg = Debug|Any CPU
		{F3B4A3C8-0FA9-41B2-A922-A6FDF191F6C7}.Debug|Any CPU.Build.0 = Debug|Any CPU
		{F3B4A3C8-0FA9-41B2-A922-A6FDF191F6C7}.Release|Any CPU.ActiveCfg = Release|Any CPU
		{F3B4A3C8-0FA9-41B2-A922-A6FDF191F6C7}.Release|Any CPU.Build.0 = Release|Any CPU
		{149C76AD-135C-4B7C-95F9-36C4A8C824E6}.Debug|Any CPU.ActiveCfg = Debug|Any CPU
		{149C76AD-135C-4B7C-95F9-36C4A8C824E6}.Debug|Any CPU.Build.0 = Debug|Any CPU
		{149C76AD-135C-4B7C-95F9-36C4A8C824E6}.Release|Any CPU.ActiveCfg = Release|Any CPU
		{149C76AD-135C-4B7C-95F9-36C4A8C824E6}.Release|Any CPU.Build.0 = Release|Any CPU
		{FAA6132B-C8C6-4A03-884B-EA8FF43FA538}.Debug|Any CPU.ActiveCfg = Debug|Any CPU
		{FAA6132B-C8C6-4A03-884B-EA8FF43FA538}.Debug|Any CPU.Build.0 = Debug|Any CPU
		{FAA6132B-C8C6-4A03-884B-EA8FF43FA538}.Release|Any CPU.ActiveCfg = Release|Any CPU
		{FAA6132B-C8C6-4A03-884B-EA8FF43FA538}.Release|Any CPU.Build.0 = Release|Any CPU
		{BEE8E311-4363-420C-98BD-29251AEF2D40}.Debug|Any CPU.ActiveCfg = Debug|Any CPU
		{BEE8E311-4363-420C-98BD-29251AEF2D40}.Debug|Any CPU.Build.0 = Debug|Any CPU
		{BEE8E311-4363-420C-98BD-29251AEF2D40}.Release|Any CPU.ActiveCfg = Release|Any CPU
		{BEE8E311-4363-420C-98BD-29251AEF2D40}.Release|Any CPU.Build.0 = Release|Any CPU
		{CCF18ED6-2174-4BFE-843A-8439E6F6C914}.Debug|Any CPU.ActiveCfg = Debug|Any CPU
		{CCF18ED6-2174-4BFE-843A-8439E6F6C914}.Debug|Any CPU.Build.0 = Debug|Any CPU
		{CCF18ED6-2174-4BFE-843A-8439E6F6C914}.Release|Any CPU.ActiveCfg = Release|Any CPU
		{CCF18ED6-2174-4BFE-843A-8439E6F6C914}.Release|Any CPU.Build.0 = Release|Any CPU
		{C31049B7-38E6-44BE-BDD7-F4E71742DB97}.Debug|Any CPU.ActiveCfg = Debug|Any CPU
		{C31049B7-38E6-44BE-BDD7-F4E71742DB97}.Debug|Any CPU.Build.0 = Debug|Any CPU
		{C31049B7-38E6-44BE-BDD7-F4E71742DB97}.Release|Any CPU.ActiveCfg = Release|Any CPU
		{C31049B7-38E6-44BE-BDD7-F4E71742DB97}.Release|Any CPU.Build.0 = Release|Any CPU
		{E4F2A4C1-AB63-4397-851F-E8418A5D417C}.Debug|Any CPU.ActiveCfg = Debug|Any CPU
		{E4F2A4C1-AB63-4397-851F-E8418A5D417C}.Debug|Any CPU.Build.0 = Debug|Any CPU
		{E4F2A4C1-AB63-4397-851F-E8418A5D417C}.Release|Any CPU.ActiveCfg = Release|Any CPU
		{E4F2A4C1-AB63-4397-851F-E8418A5D417C}.Release|Any CPU.Build.0 = Release|Any CPU
		{A4C75C1C-FD9F-482E-B9EA-931C3CEA139E}.Debug|Any CPU.ActiveCfg = Debug|Any CPU
		{A4C75C1C-FD9F-482E-B9EA-931C3CEA139E}.Debug|Any CPU.Build.0 = Debug|Any CPU
		{A4C75C1C-FD9F-482E-B9EA-931C3CEA139E}.Release|Any CPU.ActiveCfg = Release|Any CPU
		{A4C75C1C-FD9F-482E-B9EA-931C3CEA139E}.Release|Any CPU.Build.0 = Release|Any CPU
		{C3729B81-E0E7-4C60-956A-2FCA542F4387}.Debug|Any CPU.ActiveCfg = Debug|Any CPU
		{C3729B81-E0E7-4C60-956A-2FCA542F4387}.Debug|Any CPU.Build.0 = Debug|Any CPU
		{C3729B81-E0E7-4C60-956A-2FCA542F4387}.Release|Any CPU.ActiveCfg = Release|Any CPU
		{C3729B81-E0E7-4C60-956A-2FCA542F4387}.Release|Any CPU.Build.0 = Release|Any CPU
		{498F8EE0-3CB0-4771-9586-A7D68B58D773}.Debug|Any CPU.ActiveCfg = Debug|Any CPU
		{498F8EE0-3CB0-4771-9586-A7D68B58D773}.Debug|Any CPU.Build.0 = Debug|Any CPU
		{498F8EE0-3CB0-4771-9586-A7D68B58D773}.Release|Any CPU.ActiveCfg = Release|Any CPU
		{498F8EE0-3CB0-4771-9586-A7D68B58D773}.Release|Any CPU.Build.0 = Release|Any CPU
		{8D4D14CA-DE88-49D5-AC21-43463D8804B9}.Debug|Any CPU.ActiveCfg = Debug|Any CPU
		{8D4D14CA-DE88-49D5-AC21-43463D8804B9}.Debug|Any CPU.Build.0 = Debug|Any CPU
		{8D4D14CA-DE88-49D5-AC21-43463D8804B9}.Release|Any CPU.ActiveCfg = Release|Any CPU
		{8D4D14CA-DE88-49D5-AC21-43463D8804B9}.Release|Any CPU.Build.0 = Release|Any CPU
		{5491435D-9E31-40F7-A354-7986BCDD87B5}.Debug|Any CPU.ActiveCfg = Debug|Any CPU
		{5491435D-9E31-40F7-A354-7986BCDD87B5}.Debug|Any CPU.Build.0 = Debug|Any CPU
		{5491435D-9E31-40F7-A354-7986BCDD87B5}.Release|Any CPU.ActiveCfg = Release|Any CPU
		{5491435D-9E31-40F7-A354-7986BCDD87B5}.Release|Any CPU.Build.0 = Release|Any CPU
		{72C2E61B-257C-44FF-B5E0-44B82028BEB9}.Debug|Any CPU.ActiveCfg = Debug|Any CPU
		{72C2E61B-257C-44FF-B5E0-44B82028BEB9}.Debug|Any CPU.Build.0 = Debug|Any CPU
		{72C2E61B-257C-44FF-B5E0-44B82028BEB9}.Release|Any CPU.ActiveCfg = Release|Any CPU
		{72C2E61B-257C-44FF-B5E0-44B82028BEB9}.Release|Any CPU.Build.0 = Release|Any CPU
		{7ABDFD0B-0EE6-427E-B62B-FFA4C63FC387}.Debug|Any CPU.ActiveCfg = Debug|Any CPU
		{7ABDFD0B-0EE6-427E-B62B-FFA4C63FC387}.Debug|Any CPU.Build.0 = Debug|Any CPU
		{7ABDFD0B-0EE6-427E-B62B-FFA4C63FC387}.Release|Any CPU.ActiveCfg = Release|Any CPU
		{7ABDFD0B-0EE6-427E-B62B-FFA4C63FC387}.Release|Any CPU.Build.0 = Release|Any CPU
		{CEF08192-EE67-40E9-9B9A-C4AB188FC75C}.Debug|Any CPU.ActiveCfg = Debug|Any CPU
		{CEF08192-EE67-40E9-9B9A-C4AB188FC75C}.Debug|Any CPU.Build.0 = Debug|Any CPU
		{CEF08192-EE67-40E9-9B9A-C4AB188FC75C}.Release|Any CPU.ActiveCfg = Release|Any CPU
		{CEF08192-EE67-40E9-9B9A-C4AB188FC75C}.Release|Any CPU.Build.0 = Release|Any CPU
		{6194F398-241D-404E-A7F8-EA11C4CC5DE2}.Debug|Any CPU.ActiveCfg = Debug|Any CPU
		{6194F398-241D-404E-A7F8-EA11C4CC5DE2}.Debug|Any CPU.Build.0 = Debug|Any CPU
		{6194F398-241D-404E-A7F8-EA11C4CC5DE2}.Release|Any CPU.ActiveCfg = Release|Any CPU
		{6194F398-241D-404E-A7F8-EA11C4CC5DE2}.Release|Any CPU.Build.0 = Release|Any CPU
		{335F029B-E5CE-4A23-B4F0-1AD05F3F11E8}.Debug|Any CPU.ActiveCfg = Debug|Any CPU
		{335F029B-E5CE-4A23-B4F0-1AD05F3F11E8}.Debug|Any CPU.Build.0 = Debug|Any CPU
		{335F029B-E5CE-4A23-B4F0-1AD05F3F11E8}.Release|Any CPU.ActiveCfg = Release|Any CPU
		{335F029B-E5CE-4A23-B4F0-1AD05F3F11E8}.Release|Any CPU.Build.0 = Release|Any CPU
		{7B690042-248E-4B0D-91C8-E6D024707613}.Debug|Any CPU.ActiveCfg = Debug|Any CPU
		{7B690042-248E-4B0D-91C8-E6D024707613}.Debug|Any CPU.Build.0 = Debug|Any CPU
		{7B690042-248E-4B0D-91C8-E6D024707613}.Release|Any CPU.ActiveCfg = Release|Any CPU
		{7B690042-248E-4B0D-91C8-E6D024707613}.Release|Any CPU.Build.0 = Release|Any CPU
		{0FA5FCF8-3B9B-438A-9D6E-BEFDEE38091D}.Debug|Any CPU.ActiveCfg = Debug|Any CPU
		{0FA5FCF8-3B9B-438A-9D6E-BEFDEE38091D}.Debug|Any CPU.Build.0 = Debug|Any CPU
		{0FA5FCF8-3B9B-438A-9D6E-BEFDEE38091D}.Release|Any CPU.ActiveCfg = Release|Any CPU
		{0FA5FCF8-3B9B-438A-9D6E-BEFDEE38091D}.Release|Any CPU.Build.0 = Release|Any CPU
		{2DAB8116-AE99-4E1F-8D6E-A238C89C2A62}.Debug|Any CPU.ActiveCfg = Debug|Any CPU
		{2DAB8116-AE99-4E1F-8D6E-A238C89C2A62}.Debug|Any CPU.Build.0 = Debug|Any CPU
		{2DAB8116-AE99-4E1F-8D6E-A238C89C2A62}.Release|Any CPU.ActiveCfg = Release|Any CPU
		{2DAB8116-AE99-4E1F-8D6E-A238C89C2A62}.Release|Any CPU.Build.0 = Release|Any CPU
		{7C01ED4C-FA68-4127-8570-11E597FE0E7D}.Debug|Any CPU.ActiveCfg = Debug|Any CPU
		{7C01ED4C-FA68-4127-8570-11E597FE0E7D}.Debug|Any CPU.Build.0 = Debug|Any CPU
		{7C01ED4C-FA68-4127-8570-11E597FE0E7D}.Release|Any CPU.ActiveCfg = Release|Any CPU
		{7C01ED4C-FA68-4127-8570-11E597FE0E7D}.Release|Any CPU.Build.0 = Release|Any CPU
		{A872B487-F155-44C9-9157-DEEA19818424}.Debug|Any CPU.ActiveCfg = Debug|Any CPU
		{A872B487-F155-44C9-9157-DEEA19818424}.Debug|Any CPU.Build.0 = Debug|Any CPU
		{A872B487-F155-44C9-9157-DEEA19818424}.Release|Any CPU.ActiveCfg = Release|Any CPU
		{A872B487-F155-44C9-9157-DEEA19818424}.Release|Any CPU.Build.0 = Release|Any CPU
		{B58BD719-063D-4CB0-9267-6D3393762A72}.Debug|Any CPU.ActiveCfg = Debug|Any CPU
		{B58BD719-063D-4CB0-9267-6D3393762A72}.Debug|Any CPU.Build.0 = Debug|Any CPU
		{B58BD719-063D-4CB0-9267-6D3393762A72}.Release|Any CPU.ActiveCfg = Release|Any CPU
		{B58BD719-063D-4CB0-9267-6D3393762A72}.Release|Any CPU.Build.0 = Release|Any CPU
		{0A2A6B42-8E31-41A6-81E6-B25317FDFBBA}.Debug|Any CPU.ActiveCfg = Debug|Any CPU
		{0A2A6B42-8E31-41A6-81E6-B25317FDFBBA}.Debug|Any CPU.Build.0 = Debug|Any CPU
		{0A2A6B42-8E31-41A6-81E6-B25317FDFBBA}.Release|Any CPU.ActiveCfg = Release|Any CPU
		{0A2A6B42-8E31-41A6-81E6-B25317FDFBBA}.Release|Any CPU.Build.0 = Release|Any CPU
		{65E2D7AE-B480-4D8D-B78F-E32013115DB4}.Debug|Any CPU.ActiveCfg = Debug|Any CPU
		{65E2D7AE-B480-4D8D-B78F-E32013115DB4}.Debug|Any CPU.Build.0 = Debug|Any CPU
		{65E2D7AE-B480-4D8D-B78F-E32013115DB4}.Release|Any CPU.ActiveCfg = Release|Any CPU
		{65E2D7AE-B480-4D8D-B78F-E32013115DB4}.Release|Any CPU.Build.0 = Release|Any CPU
		{E472B261-5EBB-4AF1-9A61-66B3D9B62017}.Debug|Any CPU.ActiveCfg = Debug|Any CPU
		{E472B261-5EBB-4AF1-9A61-66B3D9B62017}.Debug|Any CPU.Build.0 = Debug|Any CPU
		{E472B261-5EBB-4AF1-9A61-66B3D9B62017}.Release|Any CPU.ActiveCfg = Release|Any CPU
		{E472B261-5EBB-4AF1-9A61-66B3D9B62017}.Release|Any CPU.Build.0 = Release|Any CPU
		{78D0F23F-2D9B-4733-B6FE-E96D30AF3A33}.Debug|Any CPU.ActiveCfg = Debug|Any CPU
		{78D0F23F-2D9B-4733-B6FE-E96D30AF3A33}.Debug|Any CPU.Build.0 = Debug|Any CPU
		{78D0F23F-2D9B-4733-B6FE-E96D30AF3A33}.Release|Any CPU.ActiveCfg = Release|Any CPU
		{78D0F23F-2D9B-4733-B6FE-E96D30AF3A33}.Release|Any CPU.Build.0 = Release|Any CPU
		{395EBEBB-7B3E-45BB-A9BD-B9FB45698182}.Debug|Any CPU.ActiveCfg = Debug|Any CPU
		{395EBEBB-7B3E-45BB-A9BD-B9FB45698182}.Debug|Any CPU.Build.0 = Debug|Any CPU
		{395EBEBB-7B3E-45BB-A9BD-B9FB45698182}.Release|Any CPU.ActiveCfg = Release|Any CPU
		{395EBEBB-7B3E-45BB-A9BD-B9FB45698182}.Release|Any CPU.Build.0 = Release|Any CPU
		{8A6DC173-15EF-4967-80AC-14D38D070F5C}.Debug|Any CPU.ActiveCfg = Debug|Any CPU
		{8A6DC173-15EF-4967-80AC-14D38D070F5C}.Debug|Any CPU.Build.0 = Debug|Any CPU
		{8A6DC173-15EF-4967-80AC-14D38D070F5C}.Release|Any CPU.ActiveCfg = Release|Any CPU
		{8A6DC173-15EF-4967-80AC-14D38D070F5C}.Release|Any CPU.Build.0 = Release|Any CPU
		{D4B2FFC8-5E11-4CBC-A96B-686A898CABBB}.Debug|Any CPU.ActiveCfg = Debug|Any CPU
		{D4B2FFC8-5E11-4CBC-A96B-686A898CABBB}.Debug|Any CPU.Build.0 = Debug|Any CPU
		{D4B2FFC8-5E11-4CBC-A96B-686A898CABBB}.Release|Any CPU.ActiveCfg = Release|Any CPU
		{D4B2FFC8-5E11-4CBC-A96B-686A898CABBB}.Release|Any CPU.Build.0 = Release|Any CPU
		{5494F445-12DE-4379-9061-4933A18379CF}.Debug|Any CPU.ActiveCfg = Debug|Any CPU
		{5494F445-12DE-4379-9061-4933A18379CF}.Debug|Any CPU.Build.0 = Debug|Any CPU
		{5494F445-12DE-4379-9061-4933A18379CF}.Release|Any CPU.ActiveCfg = Release|Any CPU
		{5494F445-12DE-4379-9061-4933A18379CF}.Release|Any CPU.Build.0 = Release|Any CPU
		{69DEA765-E64E-4C69-83EA-E155F0FCA893}.Debug|Any CPU.ActiveCfg = Debug|Any CPU
		{69DEA765-E64E-4C69-83EA-E155F0FCA893}.Debug|Any CPU.Build.0 = Debug|Any CPU
		{69DEA765-E64E-4C69-83EA-E155F0FCA893}.Release|Any CPU.ActiveCfg = Release|Any CPU
		{69DEA765-E64E-4C69-83EA-E155F0FCA893}.Release|Any CPU.Build.0 = Release|Any CPU
		{3772D4AC-8D45-4EFD-8B64-32E29D219A3B}.Debug|Any CPU.ActiveCfg = Debug|Any CPU
		{3772D4AC-8D45-4EFD-8B64-32E29D219A3B}.Debug|Any CPU.Build.0 = Debug|Any CPU
		{3772D4AC-8D45-4EFD-8B64-32E29D219A3B}.Release|Any CPU.ActiveCfg = Release|Any CPU
		{3772D4AC-8D45-4EFD-8B64-32E29D219A3B}.Release|Any CPU.Build.0 = Release|Any CPU
		{A1E1CB40-3304-4EFF-A3CB-BDF4759542BC}.Debug|Any CPU.ActiveCfg = Debug|Any CPU
		{A1E1CB40-3304-4EFF-A3CB-BDF4759542BC}.Debug|Any CPU.Build.0 = Debug|Any CPU
		{A1E1CB40-3304-4EFF-A3CB-BDF4759542BC}.Release|Any CPU.ActiveCfg = Release|Any CPU
		{A1E1CB40-3304-4EFF-A3CB-BDF4759542BC}.Release|Any CPU.Build.0 = Release|Any CPU
		{32805D2D-CBB0-4D0C-B606-6E316B0BF27D}.Debug|Any CPU.ActiveCfg = Debug|Any CPU
		{32805D2D-CBB0-4D0C-B606-6E316B0BF27D}.Debug|Any CPU.Build.0 = Debug|Any CPU
		{32805D2D-CBB0-4D0C-B606-6E316B0BF27D}.Release|Any CPU.ActiveCfg = Release|Any CPU
		{32805D2D-CBB0-4D0C-B606-6E316B0BF27D}.Release|Any CPU.Build.0 = Release|Any CPU
		{C8523DB6-FE98-4132-A7DE-66C4D8DB772F}.Debug|Any CPU.ActiveCfg = Debug|Any CPU
		{C8523DB6-FE98-4132-A7DE-66C4D8DB772F}.Debug|Any CPU.Build.0 = Debug|Any CPU
		{C8523DB6-FE98-4132-A7DE-66C4D8DB772F}.Release|Any CPU.ActiveCfg = Release|Any CPU
		{C8523DB6-FE98-4132-A7DE-66C4D8DB772F}.Release|Any CPU.Build.0 = Release|Any CPU
		{9D4FD03B-9DBD-4F1B-A95D-2C1DFB3380FC}.Debug|Any CPU.ActiveCfg = Debug|Any CPU
		{9D4FD03B-9DBD-4F1B-A95D-2C1DFB3380FC}.Debug|Any CPU.Build.0 = Debug|Any CPU
		{9D4FD03B-9DBD-4F1B-A95D-2C1DFB3380FC}.Release|Any CPU.ActiveCfg = Release|Any CPU
		{9D4FD03B-9DBD-4F1B-A95D-2C1DFB3380FC}.Release|Any CPU.Build.0 = Release|Any CPU
		{7D0ECC0E-3DF7-4823-B13D-5DF7126FD281}.Debug|Any CPU.ActiveCfg = Debug|Any CPU
		{7D0ECC0E-3DF7-4823-B13D-5DF7126FD281}.Debug|Any CPU.Build.0 = Debug|Any CPU
		{7D0ECC0E-3DF7-4823-B13D-5DF7126FD281}.Release|Any CPU.ActiveCfg = Release|Any CPU
		{7D0ECC0E-3DF7-4823-B13D-5DF7126FD281}.Release|Any CPU.Build.0 = Release|Any CPU
	EndGlobalSection
	GlobalSection(SolutionProperties) = preSolution
		HideSolutionNode = FALSE
	EndGlobalSection
EndGlobal
